{
    "_meta": {
        "hash": {
            "sha256": "0a4bc1f8a1c94a0bce586cc5a5c7228cd616f1695878618f3da271001e03f4d0"
        },
        "pipfile-spec": 6,
        "requires": {
            "python_version": "3.6"
        },
        "sources": [
            {
                "name": "pypi",
                "url": "https://pypi.org/simple",
                "verify_ssl": true
            }
        ]
    },
    "default": {
        "cassandra-driver": {
            "hashes": [
                "sha256:0939d4d3ca729191425a99ead3fa4aa5ae4f2a000b5dbc7c703bfdedbf0bc827",
                "sha256:098abdd1a748f68badbeaeb194793e474e83029b7aa3d290e9043e5b4b6b4c5f",
                "sha256:0a183752fba8745e7e50e721d83bb0bd7be70ac08f1720b65dcbba1df09ffd90",
                "sha256:0c9ccd33744ac9a75939ae1a5232a02ff6b957190b6f716689b676b9daac29f5",
                "sha256:121b21153d34f865c53cd0c07bb977ebadb3ce16a0c2f110c5941f89e13a712c",
                "sha256:2d5ad5c52b0a2d614ebcbd1a986859e6ba2516e90a115bbb12f3da7bdc6ccaf9",
                "sha256:37d9a91fad42b6a707a305819365023cc5d48da74c8aef12320ddd2d3bb34462",
                "sha256:3ddb72e02f906cf2f7ac9fbf582585bfa71d85ca115a526495036ba2a07d51ea",
                "sha256:4a5de7eb88e0e46e5228bf322ff78821b5230c996b62b6a6ad8d58835b450824",
                "sha256:4f7f64e6b139c24b72733d8f5cdf24bdd861abfaf2cba108547b220198703a30",
                "sha256:530cfb7ce25c8c9c05e038aa5976bac093320f975c598fc0055994266f0de591",
                "sha256:599ecd02be1ed34bca45f8505f3b6eac1491cd3141be9e61db166e34253d3ecf",
                "sha256:6c579b7810da640f9be6abdc7c1bd4162a702b1827c5702fe573e9345a754105",
                "sha256:709cffde1205d385029cd35e0b06437854d629755e87623ceb1bef455e685095",
                "sha256:743f19276be565c00485c5e03fd828941cc76d508569ae77dd22bbb30fdbcf6a",
                "sha256:a08b090e135897dab0526ded7ceb63c47e77a89a9a694d564b85f8f0765a0632",
                "sha256:a3b075bfd36677024b1dcf55a561fac161fc4f4065f01557b21a0b02ebad05c2",
                "sha256:aa5d9e4e8d6b414c185e62e3aeda84c57c3859c4220661e1834b89f9ba201a44",
                "sha256:afdadb9f12e48536a987ba64faf5896813eab9ca258ae5213a8789c1c1305df1",
                "sha256:dd62c79e789bf727fdfe1c94c47e35b15902b733bbb68ed9fca7e16170357f0c",
                "sha256:dd9d73cd817d6c3a0599673bc5fe30ecd66801dfefdcb7f3f49972a3b66cf801",
                "sha256:de43632530b8cb149ca6d3075584c3a81dfedde7aa7b2b67203adf17ea8d3783",
                "sha256:e150c1a12da39536c3be652878c5b2b1d2375820096928356363c78a92287d9e",
                "sha256:f238504c7408a90cd4e440d618d96954ae528b44307ac7396cff48e626082f08",
                "sha256:f690f3ece261ddb666906c8e8ee58e3abe3fb3485d2ef4ebdef8ec2e8947899d",
                "sha256:f986cb8a9540bdaa6341bcdd6749527516368dcf3dcf1170808b4b245819dd69"
            ],
            "index": "pypi",
            "version": "==3.23.0"
        },
        "certifi": {
            "hashes": [
                "sha256:1d987a998c75633c40847cc966fcf5904906c920a7f17ef374f5aa4282abd304",
                "sha256:51fcb31174be6e6664c5f69e3e1691a2d72a1a12e90f872cbdb1567eb47b6519"
            ],
            "version": "==2020.4.5.1"
        },
        "chardet": {
            "hashes": [
                "sha256:84ab92ed1c4d4f16916e05906b6b75a6c0fb5db821cc65e70cbd64a3e2a5eaae",
                "sha256:fc323ffcaeaed0e0a02bf4d117757b98aed530d9ed4531e3e15460124c106691"
            ],
            "version": "==3.0.4"
        },
        "click": {
            "hashes": [
                "sha256:d2b5255c7c6349bc1bd1e59e08cd12acbbd63ce649f2588755783aa94dfb6b1a",
                "sha256:dacca89f4bfadd5de3d7489b7c8a566eee0d3676333fbb50030263894c38c0dc"
            ],
            "version": "==7.1.2"
        },
        "geomet": {
            "hashes": [
                "sha256:cef6c73cfc0c4ea3961e16a6979dce75ef0298f0023cbd482855134dcdf7c010"
            ],
            "version": "==0.1.2"
        },
        "gtfs-realtime-bindings": {
            "hashes": [
                "sha256:6bbb8341d72ccacd04b9efe1e547682aeb2c2abd3d1d00f08d3294bbaef37034"
            ],
            "index": "pypi",
            "version": "==0.0.6"
        },
        "idna": {
            "hashes": [
                "sha256:7588d1c14ae4c77d74036e8c22ff447b26d0fde8f007354fd48a7814db15b7cb",
                "sha256:a068a21ceac8a4d63dbfd964670474107f541babbd2250d61922f029858365fa"
            ],
            "version": "==2.9"
        },
        "numpy": {
            "hashes": [
                "sha256:00d7b54c025601e28f468953d065b9b121ddca7fff30bed7be082d3656dd798d",
                "sha256:02ec9582808c4e48be4e93cd629c855e644882faf704bc2bd6bbf58c08a2a897",
                "sha256:0e6f72f7bb08f2f350ed4408bb7acdc0daba637e73bce9f5ea2b207039f3af88",
                "sha256:1be2e96314a66f5f1ce7764274327fd4fb9da58584eaff00b5a5221edefee7d6",
                "sha256:2466fbcf23711ebc5daa61d28ced319a6159b260a18839993d871096d66b93f7",
                "sha256:2b573fcf6f9863ce746e4ad00ac18a948978bb3781cffa4305134d31801f3e26",
                "sha256:3f0dae97e1126f529ebb66f3c63514a0f72a177b90d56e4bce8a0b5def34627a",
                "sha256:50fb72bcbc2cf11e066579cb53c4ca8ac0227abb512b6cbc1faa02d1595a2a5d",
                "sha256:57aea170fb23b1fd54fa537359d90d383d9bf5937ee54ae8045a723caa5e0961",
                "sha256:709c2999b6bd36cdaf85cf888d8512da7433529f14a3689d6e37ab5242e7add5",
                "sha256:7d59f21e43bbfd9a10953a7e26b35b6849d888fc5a331fa84a2d9c37bd9fe2a2",
                "sha256:904b513ab8fbcbdb062bed1ce2f794ab20208a1b01ce9bd90776c6c7e7257032",
                "sha256:96dd36f5cdde152fd6977d1bbc0f0561bccffecfde63cd397c8e6033eb66baba",
                "sha256:9933b81fecbe935e6a7dc89cbd2b99fea1bf362f2790daf9422a7bb1dc3c3085",
                "sha256:bbcc85aaf4cd84ba057decaead058f43191cc0e30d6bc5d44fe336dc3d3f4509",
                "sha256:dccd380d8e025c867ddcb2f84b439722cf1f23f3a319381eac45fd077dee7170",
                "sha256:e22cd0f72fc931d6abc69dc7764484ee20c6a60b0d0fee9ce0426029b1c1bdae",
                "sha256:ed722aefb0ebffd10b32e67f48e8ac4c5c4cf5d3a785024fdf0e9eb17529cd9d",
                "sha256:efb7ac5572c9a57159cf92c508aad9f856f1cb8e8302d7fdb99061dbe52d712c",
                "sha256:efdba339fffb0e80fcc19524e4fdbda2e2b5772ea46720c44eaac28096d60720",
                "sha256:f22273dd6a403ed870207b853a856ff6327d5cbce7a835dfa0645b3fc00273ec"
            ],
            "version": "==1.18.4"
        },
        "pandas": {
            "hashes": [
                "sha256:07c1b58936b80eafdfe694ce964ac21567b80a48d972879a359b3ebb2ea76835",
                "sha256:0ebe327fb088df4d06145227a4aa0998e4f80a9e6aed4b61c1f303bdfdf7c722",
                "sha256:11c7cb654cd3a0e9c54d81761b5920cdc86b373510d829461d8f2ed6d5905266",
                "sha256:12f492dd840e9db1688126216706aa2d1fcd3f4df68a195f9479272d50054645",
                "sha256:167a1315367cea6ec6a5e11e791d9604f8e03f95b57ad227409de35cf850c9c5",
                "sha256:1a7c56f1df8d5ad8571fa251b864231f26b47b59cbe41aa5c0983d17dbb7a8e4",
                "sha256:1fa4bae1a6784aa550a1c9e168422798104a85bf9c77a1063ea77ee6f8452e3a",
                "sha256:32f42e322fb903d0e189a4c10b75ba70d90958cc4f66a1781ed027f1a1d14586",
                "sha256:387dc7b3c0424327fe3218f81e05fc27832772a5dffbed385013161be58df90b",
                "sha256:6597df07ea361231e60c00692d8a8099b519ed741c04e65821e632bc9ccb924c",
                "sha256:743bba36e99d4440403beb45a6f4f3a667c090c00394c176092b0b910666189b",
                "sha256:858a0d890d957ae62338624e4aeaf1de436dba2c2c0772570a686eaca8b4fc85",
                "sha256:863c3e4b7ae550749a0bb77fa22e601a36df9d2905afef34a6965bed092ba9e5",
                "sha256:a210c91a02ec5ff05617a298ad6f137b9f6f5771bf31f2d6b6367d7f71486639",
                "sha256:ca84a44cf727f211752e91eab2d1c6c1ab0f0540d5636a8382a3af428542826e",
                "sha256:d234bcf669e8b4d6cbcd99e3ce7a8918414520aeb113e2a81aeb02d0a533d7f7"
            ],
            "index": "pypi",
            "version": "==1.0.3"
        },
        "protobuf": {
            "hashes": [
                "sha256:04d0b2bd99050d09393875a5a25fd12337b17f3ac2e29c0c1b8e65b277cbfe72",
                "sha256:05288e44638e91498f13127a3699a6528dec6f9d3084d60959d721bfb9ea5b98",
                "sha256:175d85370947f89e33b3da93f4ccdda3f326bebe3e599df5915ceb7f804cd9df",
                "sha256:440a8c77531b3652f24999b249256ed01fd44c498ab0973843066681bd276685",
                "sha256:49fb6fab19cd3f30fa0e976eeedcbf2558e9061e5fa65b4fe51ded1f4002e04d",
                "sha256:4c7cae1f56056a4a2a2e3b00b26ab8550eae738bd9548f4ea0c2fcb88ed76ae5",
                "sha256:519abfacbb421c3591d26e8daf7a4957763428db7267f7207e3693e29f6978db",
                "sha256:60f32af25620abc4d7928d8197f9f25d49d558c5959aa1e08c686f974ac0b71a",
                "sha256:613ac49f6db266fba243daf60fb32af107cfe3678e5c003bb40a381b6786389d",
                "sha256:954bb14816edd24e746ba1a6b2d48c43576393bbde2fb8e1e3bd6d4504c7feac",
                "sha256:9b1462c033a2cee7f4e8eb396905c69de2c532c3b835ff8f71f8e5fb77c38023",
                "sha256:c0767f4d93ce4288475afe0571663c78870924f1f8881efd5406c10f070c75e4",
                "sha256:c45f5980ce32879391144b5766120fd7b8803129f127ce36bd060dd38824801f",
                "sha256:eeb7502f59e889a88bcb59f299493e215d1864f3d75335ea04a413004eb4fe24",
                "sha256:fdb1742f883ee4662e39fcc5916f2725fec36a5191a52123fec60f8c53b70495",
                "sha256:fe554066c4962c2db0a1d4752655223eb948d2bfa0fb1c4a7f2c00ec07324f1c"
            ],
            "index": "pypi",
            "version": "==3.12.1"
        },
        "python-dateutil": {
            "hashes": [
                "sha256:73ebfe9dbf22e832286dafa60473e4cd239f8592f699aa5adaf10050e6e1823c",
                "sha256:75bb3f31ea686f1197762692a9ee6a7550b59fc6ca3a1f4b5d7e32fb98e2da2a"
            ],
            "version": "==2.8.1"
        },
        "python-dotenv": {
            "hashes": [
                "sha256:25c0ff1a3e12f4bde8d592cc254ab075cfe734fc5dd989036716fd17ee7e5ec7",
                "sha256:3b9909bc96b0edc6b01586e1eed05e71174ef4e04c71da5786370cebea53ad74"
            ],
            "index": "pypi",
            "version": "==0.13.0"
        },
        "pytz": {
            "hashes": [
                "sha256:a494d53b6d39c3c6e44c3bec237336e14305e4f29bbf800b599253057fbb79ed",
                "sha256:c35965d010ce31b23eeb663ed3cc8c906275d6be1a34393a1d73a41febf4a048"
            ],
            "version": "==2020.1"
        },
        "requests": {
            "hashes": [
                "sha256:43999036bfa82904b6af1d99e4882b560e5e2c68e5c4b0aa03b655f3d7d73fee",
                "sha256:b3f43d496c6daba4493e7c431722aeb7dbc6288f52a6e04e7b6023b0247817e6"
            ],
            "index": "pypi",
            "version": "==2.23.0"
        },
        "six": {
            "hashes": [
                "sha256:30639c035cdb23534cd4aa2dd52c3bf48f06e5f4a941509c8bafd8ce11080259",
                "sha256:8b74bedcbbbaca38ff6d7491d76f2b06b3592611af620f8426e82dddb04a5ced"
            ],
            "version": "==1.15.0"
        },
        "urllib3": {
            "hashes": [
                "sha256:3018294ebefce6572a474f0604c2021e33b3fd8006ecd11d62107a5d2a963527",
                "sha256:88206b0eb87e6d677d424843ac5209e3fb9d0190d0ee169599165ec25e9d9115"
            ],
            "version": "==1.25.9"
        }
    },
    "develop": {}
}
